# This file is automatically @generated by Cargo.
# It is not intended for manual editing.
version = 3

[[package]]
name = "fp_rust"
version = "0.3.5"
source = "registry+https://github.com/rust-lang/crates.io-index"
checksum = "f6449172a114cfa5c420d2d87db37fd4a3547e76ca06b1fa27f67757b0013368"

[[package]]
name = "kleisli"
version = "0.1.0"
dependencies = [
 "fp_rust",
]
